// !$*UTF8*$!
{
	archiveVersion = 1;
	classes = {
	};
	objectVersion = 48;
	objects = {

/* Begin PBXBuildFile section */
		116E90984996AB46E95EE13B /* libPods-CardCheckTests.a in Frameworks */ = {isa = PBXBuildFile; fileRef = 612BE24DB427A35251188050 /* libPods-CardCheckTests.a */; };
		1B60997856F4E40884808B16 /* libPods-CardCheck.a in Frameworks */ = {isa = PBXBuildFile; fileRef = 89FABC5FC3A019D88AA486A0 /* libPods-CardCheck.a */; };
		302263114FD03EC85589A896 /* libPods-CardCheckUITests.a in Frameworks */ = {isa = PBXBuildFile; fileRef = 7EB175EF11254AC5BA94C784 /* libPods-CardCheckUITests.a */; };
		7D0F5EC72004B05F00780CE8 /* CCheckResponseModel.m in Sources */ = {isa = PBXBuildFile; fileRef = 7D0F5EC32004B05F00780CE8 /* CCheckResponseModel.m */; };
		7D0F5EC82004B05F00780CE8 /* CCheckRequestModel.m in Sources */ = {isa = PBXBuildFile; fileRef = 7D0F5EC42004B05F00780CE8 /* CCheckRequestModel.m */; };
		7D0F5ECB200505AC00780CE8 /* AesTrackData.m in Sources */ = {isa = PBXBuildFile; fileRef = 7D0F5ECA200505AC00780CE8 /* AesTrackData.m */; };
		7D3A42801FFB893D00FFF207 /* InitRequestModel.m in Sources */ = {isa = PBXBuildFile; fileRef = 7D3A427F1FFB893D00FFF207 /* InitRequestModel.m */; };
		7D3A42861FFB8DCF00FFF207 /* CurrentDevice.m in Sources */ = {isa = PBXBuildFile; fileRef = 7D3A42841FFB8DCF00FFF207 /* CurrentDevice.m */; };
		7D3A42891FFB9AF800FFF207 /* InitResponseModel.m in Sources */ = {isa = PBXBuildFile; fileRef = 7D3A42881FFB9AF700FFF207 /* InitResponseModel.m */; };
		7D3A428C1FFBCCE200FFF207 /* NSError+Extensions.m in Sources */ = {isa = PBXBuildFile; fileRef = 7D3A428B1FFBCCE200FFF207 /* NSError+Extensions.m */; };
		7D3A428F1FFBD29400FFF207 /* NSDictionary+ApiKeys.m in Sources */ = {isa = PBXBuildFile; fileRef = 7D3A428E1FFBD29400FFF207 /* NSDictionary+ApiKeys.m */; };
		7D50E20F1FF03D4F00705D06 /* CryptoController.m in Sources */ = {isa = PBXBuildFile; fileRef = 7D50E20E1FF03D4F00705D06 /* CryptoController.m */; };
		7DC4FB891FEA3D9100CFB4FE /* AppDelegate.m in Sources */ = {isa = PBXBuildFile; fileRef = 7DC4FB881FEA3D9100CFB4FE /* AppDelegate.m */; };
		7DC4FB8C1FEA3D9100CFB4FE /* ViewController.m in Sources */ = {isa = PBXBuildFile; fileRef = 7DC4FB8B1FEA3D9100CFB4FE /* ViewController.m */; };
		7DC4FB8F1FEA3D9100CFB4FE /* Main.storyboard in Resources */ = {isa = PBXBuildFile; fileRef = 7DC4FB8D1FEA3D9100CFB4FE /* Main.storyboard */; };
		7DC4FB911FEA3D9100CFB4FE /* Assets.xcassets in Resources */ = {isa = PBXBuildFile; fileRef = 7DC4FB901FEA3D9100CFB4FE /* Assets.xcassets */; };
		7DC4FB941FEA3D9100CFB4FE /* LaunchScreen.storyboard in Resources */ = {isa = PBXBuildFile; fileRef = 7DC4FB921FEA3D9100CFB4FE /* LaunchScreen.storyboard */; };
		7DC4FB971FEA3D9100CFB4FE /* main.m in Sources */ = {isa = PBXBuildFile; fileRef = 7DC4FB961FEA3D9100CFB4FE /* main.m */; };
		7DC4FBA11FEA3D9100CFB4FE /* CardCheckTests.m in Sources */ = {isa = PBXBuildFile; fileRef = 7DC4FBA01FEA3D9100CFB4FE /* CardCheckTests.m */; };
		7DC4FBAC1FEA3D9200CFB4FE /* CardCheckUITests.m in Sources */ = {isa = PBXBuildFile; fileRef = 7DC4FBAB1FEA3D9200CFB4FE /* CardCheckUITests.m */; };
		7DC4FBC31FEA486800CFB4FE /* database.xcdatamodeld in Sources */ = {isa = PBXBuildFile; fileRef = 7DC4FBC11FEA486800CFB4FE /* database.xcdatamodeld */; };
		7DC4FBC91FEA491B00CFB4FE /* KLBaseModel.m in Sources */ = {isa = PBXBuildFile; fileRef = 7DC4FBC81FEA491B00CFB4FE /* KLBaseModel.m */; };
		7DC4FBCC1FEA492300CFB4FE /* KLBaseController.m in Sources */ = {isa = PBXBuildFile; fileRef = 7DC4FBCA1FEA492300CFB4FE /* KLBaseController.m */; };
		7DC4FBD61FEA4EC200CFB4FE /* JSONKit.m in Sources */ = {isa = PBXBuildFile; fileRef = 7DC4FBD51FEA4EC200CFB4FE /* JSONKit.m */; };
		7DC8F06B200DF497005C6B92 /* CCheckReportData.m in Sources */ = {isa = PBXBuildFile; fileRef = 7DC8F06A200DF497005C6B92 /* CCheckReportData.m */; };
		7DDE2C6B1FF2E90100058FD4 /* CardReaderData.m in Sources */ = {isa = PBXBuildFile; fileRef = 7DDE2C6A1FF2E90100058FD4 /* CardReaderData.m */; };
		7DDE2C711FF37A4B00058FD4 /* APIBaseModel.m in Sources */ = {isa = PBXBuildFile; fileRef = 7DDE2C6E1FF37A4B00058FD4 /* APIBaseModel.m */; };
		7DDE2C721FF37A4B00058FD4 /* AuthRequestModel.m in Sources */ = {isa = PBXBuildFile; fileRef = 7DDE2C701FF37A4B00058FD4 /* AuthRequestModel.m */; };
		7DDE2C771FF37B0D00058FD4 /* APIController.m in Sources */ = {isa = PBXBuildFile; fileRef = 7DDE2C761FF37B0D00058FD4 /* APIController.m */; };
		7DDE2CC21FF4CFF300058FD4 /* AuthResponseModel.m in Sources */ = {isa = PBXBuildFile; fileRef = 7DDE2CC01FF4CFF300058FD4 /* AuthResponseModel.m */; };
		7DDE2D0C1FF6CAA200058FD4 /* InitializationData.m in Sources */ = {isa = PBXBuildFile; fileRef = 7DDE2D0B1FF6CAA200058FD4 /* InitializationData.m */; };
		7DE167EF2000229F00F4A417 /* libAudioJack.a in Frameworks */ = {isa = PBXBuildFile; fileRef = 7DE167EA2000229E00F4A417 /* libAudioJack.a */; };
		7DE167F5200022DF00F4A417 /* ReaderController.m in Sources */ = {isa = PBXBuildFile; fileRef = 7DE167F4200022DF00F4A417 /* ReaderController.m */; };
		7DE167F72000254500F4A417 /* AudioToolbox.framework in Frameworks */ = {isa = PBXBuildFile; fileRef = 7DE167F62000254500F4A417 /* AudioToolbox.framework */; };
		7DE167F9200025A500F4A417 /* UIKit.framework in Frameworks */ = {isa = PBXBuildFile; fileRef = 7DE167F8200025A500F4A417 /* UIKit.framework */; };
		7DE167FB200025AB00F4A417 /* Foundation.framework in Frameworks */ = {isa = PBXBuildFile; fileRef = 7DE167FA200025AB00F4A417 /* Foundation.framework */; };
		7DE167FD200025B500F4A417 /* CoreGraphics.framework in Frameworks */ = {isa = PBXBuildFile; fileRef = 7DE167FC200025B500F4A417 /* CoreGraphics.framework */; };
		7DE16802200035D600F4A417 /* AJDHex.m in Sources */ = {isa = PBXBuildFile; fileRef = 7DE16800200035D500F4A417 /* AJDHex.m */; };
		7DE16803200035D600F4A417 /* dummy.mm in Sources */ = {isa = PBXBuildFile; fileRef = 7DE16801200035D500F4A417 /* dummy.mm */; };
		7DE168062002BC0200F4A417 /* HexCvtr.m in Sources */ = {isa = PBXBuildFile; fileRef = 7DE168052002BC0200F4A417 /* HexCvtr.m */; };
		7DE1680920036F8900F4A417 /* NSData+AES.m in Sources */ = {isa = PBXBuildFile; fileRef = 7DE1680720036F8800F4A417 /* NSData+AES.m */; };
		7DE1680E20040A8E00F4A417 /* MandatoryData.m in Sources */ = {isa = PBXBuildFile; fileRef = 7DE1680D20040A8E00F4A417 /* MandatoryData.m */; };
		7DE1681120040FD100F4A417 /* KeyChainData.m in Sources */ = {isa = PBXBuildFile; fileRef = 7DE1681020040FD100F4A417 /* KeyChainData.m */; };
/* End PBXBuildFile section */

/* Begin PBXContainerItemProxy section */
		7DC4FB9D1FEA3D9100CFB4FE /* PBXContainerItemProxy */ = {
			isa = PBXContainerItemProxy;
			containerPortal = 7DC4FB7C1FEA3D9100CFB4FE /* Project object */;
			proxyType = 1;
			remoteGlobalIDString = 7DC4FB831FEA3D9100CFB4FE;
			remoteInfo = CardCheck;
		};
		7DC4FBA81FEA3D9100CFB4FE /* PBXContainerItemProxy */ = {
			isa = PBXContainerItemProxy;
			containerPortal = 7DC4FB7C1FEA3D9100CFB4FE /* Project object */;
			proxyType = 1;
			remoteGlobalIDString = 7DC4FB831FEA3D9100CFB4FE;
			remoteInfo = CardCheck;
		};
/* End PBXContainerItemProxy section */

/* Begin PBXFileReference section */
		00D674DC71B8FF7203F38F5B /* Pods-CardCheckTests.release.xcconfig */ = {isa = PBXFileReference; includeInIndex = 1; lastKnownFileType = text.xcconfig; name = "Pods-CardCheckTests.release.xcconfig"; path = "Pods/Target Support Files/Pods-CardCheckTests/Pods-CardCheckTests.release.xcconfig"; sourceTree = "<group>"; };
		135F6F1611C42039A8A4F08A /* Pods-CardCheckUITests.release.xcconfig */ = {isa = PBXFileReference; includeInIndex = 1; lastKnownFileType = text.xcconfig; name = "Pods-CardCheckUITests.release.xcconfig"; path = "Pods/Target Support Files/Pods-CardCheckUITests/Pods-CardCheckUITests.release.xcconfig"; sourceTree = "<group>"; };
		4954629901196F28C351AC02 /* Pods-CardCheckUITests.debug.xcconfig */ = {isa = PBXFileReference; includeInIndex = 1; lastKnownFileType = text.xcconfig; name = "Pods-CardCheckUITests.debug.xcconfig"; path = "Pods/Target Support Files/Pods-CardCheckUITests/Pods-CardCheckUITests.debug.xcconfig"; sourceTree = "<group>"; };
		612BE24DB427A35251188050 /* libPods-CardCheckTests.a */ = {isa = PBXFileReference; explicitFileType = archive.ar; includeInIndex = 0; path = "libPods-CardCheckTests.a"; sourceTree = BUILT_PRODUCTS_DIR; };
		7D0F5EC32004B05F00780CE8 /* CCheckResponseModel.m */ = {isa = PBXFileReference; fileEncoding = 4; lastKnownFileType = sourcecode.c.objc; path = CCheckResponseModel.m; sourceTree = "<group>"; };
		7D0F5EC42004B05F00780CE8 /* CCheckRequestModel.m */ = {isa = PBXFileReference; fileEncoding = 4; lastKnownFileType = sourcecode.c.objc; path = CCheckRequestModel.m; sourceTree = "<group>"; };
		7D0F5EC52004B05F00780CE8 /* CCheckResponseModel.h */ = {isa = PBXFileReference; fileEncoding = 4; lastKnownFileType = sourcecode.c.h; path = CCheckResponseModel.h; sourceTree = "<group>"; };
		7D0F5EC62004B05F00780CE8 /* CCheckRequestModel.h */ = {isa = PBXFileReference; fileEncoding = 4; lastKnownFileType = sourcecode.c.h; path = CCheckRequestModel.h; sourceTree = "<group>"; };
		7D0F5EC9200505AC00780CE8 /* AesTrackData.h */ = {isa = PBXFileReference; lastKnownFileType = sourcecode.c.h; path = AesTrackData.h; sourceTree = "<group>"; };
		7D0F5ECA200505AC00780CE8 /* AesTrackData.m */ = {isa = PBXFileReference; lastKnownFileType = sourcecode.c.objc; path = AesTrackData.m; sourceTree = "<group>"; };
		7D3A427E1FFB893D00FFF207 /* InitRequestModel.h */ = {isa = PBXFileReference; lastKnownFileType = sourcecode.c.h; path = InitRequestModel.h; sourceTree = "<group>"; };
		7D3A427F1FFB893D00FFF207 /* InitRequestModel.m */ = {isa = PBXFileReference; lastKnownFileType = sourcecode.c.objc; path = InitRequestModel.m; sourceTree = "<group>"; };
		7D3A42841FFB8DCF00FFF207 /* CurrentDevice.m */ = {isa = PBXFileReference; fileEncoding = 4; lastKnownFileType = sourcecode.c.objc; path = CurrentDevice.m; sourceTree = "<group>"; };
		7D3A42851FFB8DCF00FFF207 /* CurrentDevice.h */ = {isa = PBXFileReference; fileEncoding = 4; lastKnownFileType = sourcecode.c.h; path = CurrentDevice.h; sourceTree = "<group>"; };
		7D3A42871FFB9AF700FFF207 /* InitResponseModel.h */ = {isa = PBXFileReference; fileEncoding = 4; lastKnownFileType = sourcecode.c.h; path = InitResponseModel.h; sourceTree = "<group>"; };
		7D3A42881FFB9AF700FFF207 /* InitResponseModel.m */ = {isa = PBXFileReference; fileEncoding = 4; lastKnownFileType = sourcecode.c.objc; path = InitResponseModel.m; sourceTree = "<group>"; };
		7D3A428A1FFBCCE200FFF207 /* NSError+Extensions.h */ = {isa = PBXFileReference; lastKnownFileType = sourcecode.c.h; path = "NSError+Extensions.h"; sourceTree = "<group>"; };
		7D3A428B1FFBCCE200FFF207 /* NSError+Extensions.m */ = {isa = PBXFileReference; lastKnownFileType = sourcecode.c.objc; path = "NSError+Extensions.m"; sourceTree = "<group>"; };
		7D3A428D1FFBD29300FFF207 /* NSDictionary+ApiKeys.h */ = {isa = PBXFileReference; fileEncoding = 4; lastKnownFileType = sourcecode.c.h; path = "NSDictionary+ApiKeys.h"; sourceTree = "<group>"; };
		7D3A428E1FFBD29400FFF207 /* NSDictionary+ApiKeys.m */ = {isa = PBXFileReference; fileEncoding = 4; lastKnownFileType = sourcecode.c.objc; path = "NSDictionary+ApiKeys.m"; sourceTree = "<group>"; };
		7D50E20D1FF03D4F00705D06 /* CryptoController.h */ = {isa = PBXFileReference; lastKnownFileType = sourcecode.c.h; path = CryptoController.h; sourceTree = "<group>"; };
		7D50E20E1FF03D4F00705D06 /* CryptoController.m */ = {isa = PBXFileReference; lastKnownFileType = sourcecode.c.objc; path = CryptoController.m; sourceTree = "<group>"; };
		7DC4FB841FEA3D9100CFB4FE /* CardCheck.app */ = {isa = PBXFileReference; explicitFileType = wrapper.application; includeInIndex = 0; path = CardCheck.app; sourceTree = BUILT_PRODUCTS_DIR; };
		7DC4FB871FEA3D9100CFB4FE /* AppDelegate.h */ = {isa = PBXFileReference; lastKnownFileType = sourcecode.c.h; path = AppDelegate.h; sourceTree = "<group>"; };
		7DC4FB881FEA3D9100CFB4FE /* AppDelegate.m */ = {isa = PBXFileReference; lastKnownFileType = sourcecode.c.objc; path = AppDelegate.m; sourceTree = "<group>"; };
		7DC4FB8A1FEA3D9100CFB4FE /* ViewController.h */ = {isa = PBXFileReference; lastKnownFileType = sourcecode.c.h; path = ViewController.h; sourceTree = "<group>"; };
		7DC4FB8B1FEA3D9100CFB4FE /* ViewController.m */ = {isa = PBXFileReference; lastKnownFileType = sourcecode.c.objc; path = ViewController.m; sourceTree = "<group>"; };
		7DC4FB8E1FEA3D9100CFB4FE /* Base */ = {isa = PBXFileReference; lastKnownFileType = file.storyboard; name = Base; path = Base.lproj/Main.storyboard; sourceTree = "<group>"; };
		7DC4FB901FEA3D9100CFB4FE /* Assets.xcassets */ = {isa = PBXFileReference; lastKnownFileType = folder.assetcatalog; path = Assets.xcassets; sourceTree = "<group>"; };
		7DC4FB931FEA3D9100CFB4FE /* Base */ = {isa = PBXFileReference; lastKnownFileType = file.storyboard; name = Base; path = Base.lproj/LaunchScreen.storyboard; sourceTree = "<group>"; };
		7DC4FB951FEA3D9100CFB4FE /* Info.plist */ = {isa = PBXFileReference; lastKnownFileType = text.plist.xml; path = Info.plist; sourceTree = "<group>"; };
		7DC4FB961FEA3D9100CFB4FE /* main.m */ = {isa = PBXFileReference; lastKnownFileType = sourcecode.c.objc; path = main.m; sourceTree = "<group>"; };
		7DC4FB9C1FEA3D9100CFB4FE /* CardCheckTests.xctest */ = {isa = PBXFileReference; explicitFileType = wrapper.cfbundle; includeInIndex = 0; path = CardCheckTests.xctest; sourceTree = BUILT_PRODUCTS_DIR; };
		7DC4FBA01FEA3D9100CFB4FE /* CardCheckTests.m */ = {isa = PBXFileReference; lastKnownFileType = sourcecode.c.objc; path = CardCheckTests.m; sourceTree = "<group>"; };
		7DC4FBA21FEA3D9100CFB4FE /* Info.plist */ = {isa = PBXFileReference; lastKnownFileType = text.plist.xml; path = Info.plist; sourceTree = "<group>"; };
		7DC4FBA71FEA3D9100CFB4FE /* CardCheckUITests.xctest */ = {isa = PBXFileReference; explicitFileType = wrapper.cfbundle; includeInIndex = 0; path = CardCheckUITests.xctest; sourceTree = BUILT_PRODUCTS_DIR; };
		7DC4FBAB1FEA3D9200CFB4FE /* CardCheckUITests.m */ = {isa = PBXFileReference; lastKnownFileType = sourcecode.c.objc; path = CardCheckUITests.m; sourceTree = "<group>"; };
		7DC4FBAD1FEA3D9200CFB4FE /* Info.plist */ = {isa = PBXFileReference; lastKnownFileType = text.plist.xml; path = Info.plist; sourceTree = "<group>"; };
		7DC4FBC21FEA486800CFB4FE /* database.xcdatamodel */ = {isa = PBXFileReference; lastKnownFileType = wrapper.xcdatamodel; path = database.xcdatamodel; sourceTree = "<group>"; };
		7DC4FBC71FEA491B00CFB4FE /* KLBaseModel.h */ = {isa = PBXFileReference; fileEncoding = 4; lastKnownFileType = sourcecode.c.h; path = KLBaseModel.h; sourceTree = "<group>"; };
		7DC4FBC81FEA491B00CFB4FE /* KLBaseModel.m */ = {isa = PBXFileReference; fileEncoding = 4; lastKnownFileType = sourcecode.c.objc; path = KLBaseModel.m; sourceTree = "<group>"; };
		7DC4FBCA1FEA492300CFB4FE /* KLBaseController.m */ = {isa = PBXFileReference; fileEncoding = 4; lastKnownFileType = sourcecode.c.objc; path = KLBaseController.m; sourceTree = "<group>"; };
		7DC4FBCB1FEA492300CFB4FE /* KLBaseController.h */ = {isa = PBXFileReference; fileEncoding = 4; lastKnownFileType = sourcecode.c.h; path = KLBaseController.h; sourceTree = "<group>"; };
		7DC4FBCE1FEA4AB500CFB4FE /* KLBaseUiConstants.h */ = {isa = PBXFileReference; fileEncoding = 4; lastKnownFileType = sourcecode.c.h; path = KLBaseUiConstants.h; sourceTree = "<group>"; };
		7DC4FBCF1FEA4AB500CFB4FE /* KLBaseDebugConstants.h */ = {isa = PBXFileReference; fileEncoding = 4; lastKnownFileType = sourcecode.c.h; path = KLBaseDebugConstants.h; sourceTree = "<group>"; };
		7DC4FBD01FEA4AB500CFB4FE /* KLBaseHeader.h */ = {isa = PBXFileReference; fileEncoding = 4; lastKnownFileType = sourcecode.c.h; path = KLBaseHeader.h; sourceTree = "<group>"; };
		7DC4FBD11FEA4AB500CFB4FE /* KLBaseSysConstants.h */ = {isa = PBXFileReference; fileEncoding = 4; lastKnownFileType = sourcecode.c.h; path = KLBaseSysConstants.h; sourceTree = "<group>"; };
		7DC4FBD21FEA4BEA00CFB4FE /* AppPrefixHeader.pch */ = {isa = PBXFileReference; lastKnownFileType = sourcecode.c.h; path = AppPrefixHeader.pch; sourceTree = "<group>"; };
		7DC4FBD41FEA4EC200CFB4FE /* JSONKit.h */ = {isa = PBXFileReference; fileEncoding = 4; lastKnownFileType = sourcecode.c.h; path = JSONKit.h; sourceTree = "<group>"; };
		7DC4FBD51FEA4EC200CFB4FE /* JSONKit.m */ = {isa = PBXFileReference; fileEncoding = 4; lastKnownFileType = sourcecode.c.objc; path = JSONKit.m; sourceTree = "<group>"; };
		7DC8F069200DF496005C6B92 /* CCheckReportData.h */ = {isa = PBXFileReference; fileEncoding = 4; lastKnownFileType = sourcecode.c.h; path = CCheckReportData.h; sourceTree = "<group>"; };
		7DC8F06A200DF497005C6B92 /* CCheckReportData.m */ = {isa = PBXFileReference; fileEncoding = 4; lastKnownFileType = sourcecode.c.objc; path = CCheckReportData.m; sourceTree = "<group>"; };
		7DDE2C691FF2E90100058FD4 /* CardReaderData.h */ = {isa = PBXFileReference; lastKnownFileType = sourcecode.c.h; path = CardReaderData.h; sourceTree = "<group>"; };
		7DDE2C6A1FF2E90100058FD4 /* CardReaderData.m */ = {isa = PBXFileReference; lastKnownFileType = sourcecode.c.objc; path = CardReaderData.m; sourceTree = "<group>"; };
		7DDE2C6D1FF37A4B00058FD4 /* APIBaseModel.h */ = {isa = PBXFileReference; fileEncoding = 4; lastKnownFileType = sourcecode.c.h; path = APIBaseModel.h; sourceTree = "<group>"; };
		7DDE2C6E1FF37A4B00058FD4 /* APIBaseModel.m */ = {isa = PBXFileReference; fileEncoding = 4; lastKnownFileType = sourcecode.c.objc; path = APIBaseModel.m; sourceTree = "<group>"; };
		7DDE2C6F1FF37A4B00058FD4 /* AuthRequestModel.h */ = {isa = PBXFileReference; fileEncoding = 4; lastKnownFileType = sourcecode.c.h; path = AuthRequestModel.h; sourceTree = "<group>"; };
		7DDE2C701FF37A4B00058FD4 /* AuthRequestModel.m */ = {isa = PBXFileReference; fileEncoding = 4; lastKnownFileType = sourcecode.c.objc; path = AuthRequestModel.m; sourceTree = "<group>"; };
		7DDE2C751FF37B0D00058FD4 /* APIController.h */ = {isa = PBXFileReference; lastKnownFileType = sourcecode.c.h; path = APIController.h; sourceTree = "<group>"; };
		7DDE2C761FF37B0D00058FD4 /* APIController.m */ = {isa = PBXFileReference; lastKnownFileType = sourcecode.c.objc; path = APIController.m; sourceTree = "<group>"; };
		7DDE2C781FF37F2700058FD4 /* KLBaseAppConstants.h */ = {isa = PBXFileReference; fileEncoding = 4; lastKnownFileType = sourcecode.c.h; path = KLBaseAppConstants.h; sourceTree = "<group>"; };
		7DDE2CC01FF4CFF300058FD4 /* AuthResponseModel.m */ = {isa = PBXFileReference; fileEncoding = 4; lastKnownFileType = sourcecode.c.objc; path = AuthResponseModel.m; sourceTree = "<group>"; };
		7DDE2CC11FF4CFF300058FD4 /* AuthResponseModel.h */ = {isa = PBXFileReference; fileEncoding = 4; lastKnownFileType = sourcecode.c.h; path = AuthResponseModel.h; sourceTree = "<group>"; };
		7DDE2D0A1FF6CAA200058FD4 /* InitializationData.h */ = {isa = PBXFileReference; lastKnownFileType = sourcecode.c.h; path = InitializationData.h; sourceTree = "<group>"; };
		7DDE2D0B1FF6CAA200058FD4 /* InitializationData.m */ = {isa = PBXFileReference; lastKnownFileType = sourcecode.c.objc; path = InitializationData.m; sourceTree = "<group>"; };
		7DE167DE2000229E00F4A417 /* ACRAesTrackData.h */ = {isa = PBXFileReference; fileEncoding = 4; lastKnownFileType = sourcecode.c.h; path = ACRAesTrackData.h; sourceTree = "<group>"; };
		7DE167DF2000229E00F4A417 /* ACRAudioJackReader.h */ = {isa = PBXFileReference; fileEncoding = 4; lastKnownFileType = sourcecode.c.h; path = ACRAudioJackReader.h; sourceTree = "<group>"; };
		7DE167E02000229E00F4A417 /* ACRCRC16.h */ = {isa = PBXFileReference; fileEncoding = 4; lastKnownFileType = sourcecode.c.h; path = ACRCRC16.h; sourceTree = "<group>"; };
		7DE167E12000229E00F4A417 /* ACRDukptReceiver.h */ = {isa = PBXFileReference; fileEncoding = 4; lastKnownFileType = sourcecode.c.h; path = ACRDukptReceiver.h; sourceTree = "<group>"; };
		7DE167E22000229E00F4A417 /* ACRDukptTrackData.h */ = {isa = PBXFileReference; fileEncoding = 4; lastKnownFileType = sourcecode.c.h; path = ACRDukptTrackData.h; sourceTree = "<group>"; };
		7DE167E32000229E00F4A417 /* ACRResult.h */ = {isa = PBXFileReference; fileEncoding = 4; lastKnownFileType = sourcecode.c.h; path = ACRResult.h; sourceTree = "<group>"; };
		7DE167E42000229E00F4A417 /* ACRStatus.h */ = {isa = PBXFileReference; fileEncoding = 4; lastKnownFileType = sourcecode.c.h; path = ACRStatus.h; sourceTree = "<group>"; };
		7DE167E52000229E00F4A417 /* ACRTrack1Data.h */ = {isa = PBXFileReference; fileEncoding = 4; lastKnownFileType = sourcecode.c.h; path = ACRTrack1Data.h; sourceTree = "<group>"; };
		7DE167E62000229E00F4A417 /* ACRTrack2Data.h */ = {isa = PBXFileReference; fileEncoding = 4; lastKnownFileType = sourcecode.c.h; path = ACRTrack2Data.h; sourceTree = "<group>"; };
		7DE167E72000229E00F4A417 /* ACRTrackData.h */ = {isa = PBXFileReference; fileEncoding = 4; lastKnownFileType = sourcecode.c.h; path = ACRTrackData.h; sourceTree = "<group>"; };
		7DE167E82000229E00F4A417 /* AudioJack.h */ = {isa = PBXFileReference; fileEncoding = 4; lastKnownFileType = sourcecode.c.h; path = AudioJack.h; sourceTree = "<group>"; };
		7DE167E92000229E00F4A417 /* AudioJackErrors.h */ = {isa = PBXFileReference; fileEncoding = 4; lastKnownFileType = sourcecode.c.h; path = AudioJackErrors.h; sourceTree = "<group>"; };
		7DE167EA2000229E00F4A417 /* libAudioJack.a */ = {isa = PBXFileReference; lastKnownFileType = archive.ar; path = libAudioJack.a; sourceTree = "<group>"; };
		7DE167F3200022DF00F4A417 /* ReaderController.h */ = {isa = PBXFileReference; lastKnownFileType = sourcecode.c.h; path = ReaderController.h; sourceTree = "<group>"; };
		7DE167F4200022DF00F4A417 /* ReaderController.m */ = {isa = PBXFileReference; lastKnownFileType = sourcecode.c.objc; path = ReaderController.m; sourceTree = "<group>"; };
		7DE167F62000254500F4A417 /* AudioToolbox.framework */ = {isa = PBXFileReference; lastKnownFileType = wrapper.framework; name = AudioToolbox.framework; path = System/Library/Frameworks/AudioToolbox.framework; sourceTree = SDKROOT; };
		7DE167F8200025A500F4A417 /* UIKit.framework */ = {isa = PBXFileReference; lastKnownFileType = wrapper.framework; name = UIKit.framework; path = System/Library/Frameworks/UIKit.framework; sourceTree = SDKROOT; };
		7DE167FA200025AB00F4A417 /* Foundation.framework */ = {isa = PBXFileReference; lastKnownFileType = wrapper.framework; name = Foundation.framework; path = System/Library/Frameworks/Foundation.framework; sourceTree = SDKROOT; };
		7DE167FC200025B500F4A417 /* CoreGraphics.framework */ = {isa = PBXFileReference; lastKnownFileType = wrapper.framework; name = CoreGraphics.framework; path = System/Library/Frameworks/CoreGraphics.framework; sourceTree = SDKROOT; };
		7DE167FF200035D500F4A417 /* AJDHex.h */ = {isa = PBXFileReference; fileEncoding = 4; lastKnownFileType = sourcecode.c.h; path = AJDHex.h; sourceTree = "<group>"; };
		7DE16800200035D500F4A417 /* AJDHex.m */ = {isa = PBXFileReference; fileEncoding = 4; lastKnownFileType = sourcecode.c.objc; path = AJDHex.m; sourceTree = "<group>"; };
		7DE16801200035D500F4A417 /* dummy.mm */ = {isa = PBXFileReference; fileEncoding = 4; lastKnownFileType = sourcecode.cpp.objcpp; path = dummy.mm; sourceTree = "<group>"; };
		7DE168042002BC0200F4A417 /* HexCvtr.h */ = {isa = PBXFileReference; lastKnownFileType = sourcecode.c.h; path = HexCvtr.h; sourceTree = "<group>"; };
		7DE168052002BC0200F4A417 /* HexCvtr.m */ = {isa = PBXFileReference; lastKnownFileType = sourcecode.c.objc; path = HexCvtr.m; sourceTree = "<group>"; };
		7DE1680720036F8800F4A417 /* NSData+AES.m */ = {isa = PBXFileReference; fileEncoding = 4; lastKnownFileType = sourcecode.c.objc; path = "NSData+AES.m"; sourceTree = "<group>"; };
		7DE1680820036F8800F4A417 /* NSData+AES.h */ = {isa = PBXFileReference; fileEncoding = 4; lastKnownFileType = sourcecode.c.h; path = "NSData+AES.h"; sourceTree = "<group>"; };
		7DE1680C20040A8E00F4A417 /* MandatoryData.h */ = {isa = PBXFileReference; lastKnownFileType = sourcecode.c.h; path = MandatoryData.h; sourceTree = "<group>"; };
		7DE1680D20040A8E00F4A417 /* MandatoryData.m */ = {isa = PBXFileReference; lastKnownFileType = sourcecode.c.objc; path = MandatoryData.m; sourceTree = "<group>"; };
		7DE1680F20040FD100F4A417 /* KeyChainData.h */ = {isa = PBXFileReference; lastKnownFileType = sourcecode.c.h; path = KeyChainData.h; sourceTree = "<group>"; };
		7DE1681020040FD100F4A417 /* KeyChainData.m */ = {isa = PBXFileReference; lastKnownFileType = sourcecode.c.objc; path = KeyChainData.m; sourceTree = "<group>"; };
		7EB175EF11254AC5BA94C784 /* libPods-CardCheckUITests.a */ = {isa = PBXFileReference; explicitFileType = archive.ar; includeInIndex = 0; path = "libPods-CardCheckUITests.a"; sourceTree = BUILT_PRODUCTS_DIR; };
		89FABC5FC3A019D88AA486A0 /* libPods-CardCheck.a */ = {isa = PBXFileReference; explicitFileType = archive.ar; includeInIndex = 0; path = "libPods-CardCheck.a"; sourceTree = BUILT_PRODUCTS_DIR; };
		B02E562D780509AE0A42E270 /* Pods-CardCheckTests.debug.xcconfig */ = {isa = PBXFileReference; includeInIndex = 1; lastKnownFileType = text.xcconfig; name = "Pods-CardCheckTests.debug.xcconfig"; path = "Pods/Target Support Files/Pods-CardCheckTests/Pods-CardCheckTests.debug.xcconfig"; sourceTree = "<group>"; };
		B28EA4816F16FE15E2252298 /* Pods-CardCheck.debug.xcconfig */ = {isa = PBXFileReference; includeInIndex = 1; lastKnownFileType = text.xcconfig; name = "Pods-CardCheck.debug.xcconfig"; path = "Pods/Target Support Files/Pods-CardCheck/Pods-CardCheck.debug.xcconfig"; sourceTree = "<group>"; };
		B7BC67C220D0B19BBAA21EF3 /* Pods-CardCheck.release.xcconfig */ = {isa = PBXFileReference; includeInIndex = 1; lastKnownFileType = text.xcconfig; name = "Pods-CardCheck.release.xcconfig"; path = "Pods/Target Support Files/Pods-CardCheck/Pods-CardCheck.release.xcconfig"; sourceTree = "<group>"; };
/* End PBXFileReference section */

/* Begin PBXFrameworksBuildPhase section */
		7DC4FB811FEA3D9100CFB4FE /* Frameworks */ = {
			isa = PBXFrameworksBuildPhase;
			buildActionMask = 2147483647;
			files = (
				7DE167FD200025B500F4A417 /* CoreGraphics.framework in Frameworks */,
				7DE167FB200025AB00F4A417 /* Foundation.framework in Frameworks */,
				7DE167F9200025A500F4A417 /* UIKit.framework in Frameworks */,
				7DE167F72000254500F4A417 /* AudioToolbox.framework in Frameworks */,
				1B60997856F4E40884808B16 /* libPods-CardCheck.a in Frameworks */,
				7DE167EF2000229F00F4A417 /* libAudioJack.a in Frameworks */,
			);
			runOnlyForDeploymentPostprocessing = 0;
		};
		7DC4FB991FEA3D9100CFB4FE /* Frameworks */ = {
			isa = PBXFrameworksBuildPhase;
			buildActionMask = 2147483647;
			files = (
				116E90984996AB46E95EE13B /* libPods-CardCheckTests.a in Frameworks */,
			);
			runOnlyForDeploymentPostprocessing = 0;
		};
		7DC4FBA41FEA3D9100CFB4FE /* Frameworks */ = {
			isa = PBXFrameworksBuildPhase;
			buildActionMask = 2147483647;
			files = (
				302263114FD03EC85589A896 /* libPods-CardCheckUITests.a in Frameworks */,
			);
			runOnlyForDeploymentPostprocessing = 0;
		};
/* End PBXFrameworksBuildPhase section */

/* Begin PBXGroup section */
		1AFA9924EE800C40AC6BBB56 /* Pods */ = {
			isa = PBXGroup;
			children = (
				B28EA4816F16FE15E2252298 /* Pods-CardCheck.debug.xcconfig */,
				B7BC67C220D0B19BBAA21EF3 /* Pods-CardCheck.release.xcconfig */,
				B02E562D780509AE0A42E270 /* Pods-CardCheckTests.debug.xcconfig */,
				00D674DC71B8FF7203F38F5B /* Pods-CardCheckTests.release.xcconfig */,
				4954629901196F28C351AC02 /* Pods-CardCheckUITests.debug.xcconfig */,
				135F6F1611C42039A8A4F08A /* Pods-CardCheckUITests.release.xcconfig */,
			);
			name = Pods;
			sourceTree = "<group>";
		};
		707BFCC96F68F68CE8C3FD39 /* Frameworks */ = {
			isa = PBXGroup;
			children = (
				7DE167FC200025B500F4A417 /* CoreGraphics.framework */,
				7DE167FA200025AB00F4A417 /* Foundation.framework */,
				7DE167F8200025A500F4A417 /* UIKit.framework */,
				7DE167F62000254500F4A417 /* AudioToolbox.framework */,
				89FABC5FC3A019D88AA486A0 /* libPods-CardCheck.a */,
				612BE24DB427A35251188050 /* libPods-CardCheckTests.a */,
				7EB175EF11254AC5BA94C784 /* libPods-CardCheckUITests.a */,
			);
			name = Frameworks;
			sourceTree = "<group>";
		};
		7D0F5EC22004B01000780CE8 /* CardCheck */ = {
			isa = PBXGroup;
			children = (
				7DC8F066200DE968005C6B92 /* Check */,
				7DC8F067200DE974005C6B92 /* Complete */,
			);
			path = CardCheck;
			sourceTree = "<group>";
		};
		7D3A427D1FFB88F700FFF207 /* Init */ = {
			isa = PBXGroup;
			children = (
				7D3A427E1FFB893D00FFF207 /* InitRequestModel.h */,
				7D3A427F1FFB893D00FFF207 /* InitRequestModel.m */,
				7D3A42871FFB9AF700FFF207 /* InitResponseModel.h */,
				7D3A42881FFB9AF700FFF207 /* InitResponseModel.m */,
			);
			path = Init;
			sourceTree = "<group>";
		};
		7D3A42811FFB8D1900FFF207 /* Controller */ = {
			isa = PBXGroup;
			children = (
				7DE167F2200022B900F4A417 /* Reader */,
				7D50E20C1FF03D1A00705D06 /* Crypto */,
				7DDE2C601FF2E6A600058FD4 /* ApiService */,
			);
			path = Controller;
			sourceTree = "<group>";
		};
		7D3A42831FFB8D9700FFF207 /* Utils */ = {
			isa = PBXGroup;
			children = (
				7D3A42851FFB8DCF00FFF207 /* CurrentDevice.h */,
				7D3A42841FFB8DCF00FFF207 /* CurrentDevice.m */,
				7DE168042002BC0200F4A417 /* HexCvtr.h */,
				7DE168052002BC0200F4A417 /* HexCvtr.m */,
			);
			path = Utils;
			sourceTree = "<group>";
		};
		7D50E20C1FF03D1A00705D06 /* Crypto */ = {
			isa = PBXGroup;
			children = (
				7D50E20D1FF03D4F00705D06 /* CryptoController.h */,
				7D50E20E1FF03D4F00705D06 /* CryptoController.m */,
			);
			path = Crypto;
			sourceTree = "<group>";
		};
		7DC4FB7B1FEA3D9100CFB4FE = {
			isa = PBXGroup;
			children = (
				7DC4FB861FEA3D9100CFB4FE /* CardCheck */,
				7DC4FB9F1FEA3D9100CFB4FE /* CardCheckTests */,
				7DC4FBAA1FEA3D9100CFB4FE /* CardCheckUITests */,
				7DC4FB851FEA3D9100CFB4FE /* Products */,
				1AFA9924EE800C40AC6BBB56 /* Pods */,
				707BFCC96F68F68CE8C3FD39 /* Frameworks */,
			);
			sourceTree = "<group>";
		};
		7DC4FB851FEA3D9100CFB4FE /* Products */ = {
			isa = PBXGroup;
			children = (
				7DC4FB841FEA3D9100CFB4FE /* CardCheck.app */,
				7DC4FB9C1FEA3D9100CFB4FE /* CardCheckTests.xctest */,
				7DC4FBA71FEA3D9100CFB4FE /* CardCheckUITests.xctest */,
			);
			name = Products;
			sourceTree = "<group>";
		};
		7DC4FB861FEA3D9100CFB4FE /* CardCheck */ = {
			isa = PBXGroup;
			children = (
				7DC4FBBD1FEA474600CFB4FE /* Kernel */,
				7DC4FBBA1FEA462E00CFB4FE /* ViewController */,
				7DC4FBB91FEA461D00CFB4FE /* UI */,
				7DC4FBBC1FEA472E00CFB4FE /* Resource */,
				7DC4FBBB1FEA464A00CFB4FE /* Supporting Files */,
			);
			path = CardCheck;
			sourceTree = "<group>";
		};
		7DC4FB9F1FEA3D9100CFB4FE /* CardCheckTests */ = {
			isa = PBXGroup;
			children = (
				7DC4FBA01FEA3D9100CFB4FE /* CardCheckTests.m */,
				7DC4FBA21FEA3D9100CFB4FE /* Info.plist */,
			);
			path = CardCheckTests;
			sourceTree = "<group>";
		};
		7DC4FBAA1FEA3D9100CFB4FE /* CardCheckUITests */ = {
			isa = PBXGroup;
			children = (
				7DC4FBAB1FEA3D9200CFB4FE /* CardCheckUITests.m */,
				7DC4FBAD1FEA3D9200CFB4FE /* Info.plist */,
			);
			path = CardCheckUITests;
			sourceTree = "<group>";
		};
		7DC4FBB91FEA461D00CFB4FE /* UI */ = {
			isa = PBXGroup;
			children = (
				7DC4FB8D1FEA3D9100CFB4FE /* Main.storyboard */,
				7DC4FB921FEA3D9100CFB4FE /* LaunchScreen.storyboard */,
			);
			path = UI;
			sourceTree = "<group>";
		};
		7DC4FBBA1FEA462E00CFB4FE /* ViewController */ = {
			isa = PBXGroup;
			children = (
				7DC4FB8A1FEA3D9100CFB4FE /* ViewController.h */,
				7DC4FB8B1FEA3D9100CFB4FE /* ViewController.m */,
			);
			path = ViewController;
			sourceTree = "<group>";
		};
		7DC4FBBB1FEA464A00CFB4FE /* Supporting Files */ = {
			isa = PBXGroup;
			children = (
				7DC4FBD21FEA4BEA00CFB4FE /* AppPrefixHeader.pch */,
				7DC4FB871FEA3D9100CFB4FE /* AppDelegate.h */,
				7DC4FB881FEA3D9100CFB4FE /* AppDelegate.m */,
				7DC4FB901FEA3D9100CFB4FE /* Assets.xcassets */,
				7DC4FB951FEA3D9100CFB4FE /* Info.plist */,
				7DC4FB961FEA3D9100CFB4FE /* main.m */,
			);
			path = "Supporting Files";
			sourceTree = "<group>";
		};
		7DC4FBBC1FEA472E00CFB4FE /* Resource */ = {
			isa = PBXGroup;
			children = (
			);
			path = Resource;
			sourceTree = "<group>";
		};
		7DC4FBBD1FEA474600CFB4FE /* Kernel */ = {
			isa = PBXGroup;
			children = (
				7DC4FBC41FEA487F00CFB4FE /* Base */,
				7DC4FBBF1FEA477400CFB4FE /* Model */,
				7D3A42811FFB8D1900FFF207 /* Controller */,
				7D3A42831FFB8D9700FFF207 /* Utils */,
				7DC4FBBE1FEA475700CFB4FE /* Library */,
				7DC4FBC01FEA482E00CFB4FE /* CoreData */,
				7DDE2CC31FF4E7D800058FD4 /* Extensions */,
			);
			path = Kernel;
			sourceTree = "<group>";
		};
		7DC4FBBE1FEA475700CFB4FE /* Library */ = {
			isa = PBXGroup;
			children = (
				7DE167DC2000229E00F4A417 /* AudioJack */,
				7DC4FBD31FEA4EC200CFB4FE /* JSONKit */,
			);
			path = Library;
			sourceTree = "<group>";
		};
		7DC4FBBF1FEA477400CFB4FE /* Model */ = {
			isa = PBXGroup;
			children = (
				7DDE2C681FF2E8E800058FD4 /* CardReaderData */,
				7DDE2D081FF6C04300058FD4 /* InitializationData */,
				7DE1680A2004081400F4A417 /* KeyChainData */,
				7DE1680B20040A5F00F4A417 /* MandatoryData */,
			);
			path = Model;
			sourceTree = "<group>";
		};
		7DC4FBC01FEA482E00CFB4FE /* CoreData */ = {
			isa = PBXGroup;
			children = (
				7DC4FBC11FEA486800CFB4FE /* database.xcdatamodeld */,
			);
			path = CoreData;
			sourceTree = "<group>";
		};
		7DC4FBC41FEA487F00CFB4FE /* Base */ = {
			isa = PBXGroup;
			children = (
				7DC4FBC51FEA488500CFB4FE /* Model */,
				7DC4FBC61FEA489000CFB4FE /* Controller */,
				7DC4FBCD1FEA49EF00CFB4FE /* ImportHeaders */,
			);
			path = Base;
			sourceTree = "<group>";
		};
		7DC4FBC51FEA488500CFB4FE /* Model */ = {
			isa = PBXGroup;
			children = (
				7DC4FBC71FEA491B00CFB4FE /* KLBaseModel.h */,
				7DC4FBC81FEA491B00CFB4FE /* KLBaseModel.m */,
			);
			path = Model;
			sourceTree = "<group>";
		};
		7DC4FBC61FEA489000CFB4FE /* Controller */ = {
			isa = PBXGroup;
			children = (
				7DC4FBCB1FEA492300CFB4FE /* KLBaseController.h */,
				7DC4FBCA1FEA492300CFB4FE /* KLBaseController.m */,
			);
			path = Controller;
			sourceTree = "<group>";
		};
		7DC4FBCD1FEA49EF00CFB4FE /* ImportHeaders */ = {
			isa = PBXGroup;
			children = (
				7DC4FBD01FEA4AB500CFB4FE /* KLBaseHeader.h */,
				7DC4FBCE1FEA4AB500CFB4FE /* KLBaseUiConstants.h */,
				7DC4FBD11FEA4AB500CFB4FE /* KLBaseSysConstants.h */,
				7DDE2C781FF37F2700058FD4 /* KLBaseAppConstants.h */,
				7DC4FBCF1FEA4AB500CFB4FE /* KLBaseDebugConstants.h */,
			);
			path = ImportHeaders;
			sourceTree = "<group>";
		};
		7DC4FBD31FEA4EC200CFB4FE /* JSONKit */ = {
			isa = PBXGroup;
			children = (
				7DC4FBD41FEA4EC200CFB4FE /* JSONKit.h */,
				7DC4FBD51FEA4EC200CFB4FE /* JSONKit.m */,
			);
			path = JSONKit;
			sourceTree = "<group>";
		};
		7DC8F066200DE968005C6B92 /* Check */ = {
			isa = PBXGroup;
			children = (
				7DC8F069200DF496005C6B92 /* CCheckReportData.h */,
				7DC8F06A200DF497005C6B92 /* CCheckReportData.m */,
				7D0F5EC62004B05F00780CE8 /* CCheckRequestModel.h */,
				7D0F5EC42004B05F00780CE8 /* CCheckRequestModel.m */,
				7D0F5EC52004B05F00780CE8 /* CCheckResponseModel.h */,
				7D0F5EC32004B05F00780CE8 /* CCheckResponseModel.m */,
			);
			path = Check;
			sourceTree = "<group>";
		};
		7DC8F067200DE974005C6B92 /* Complete */ = {
			isa = PBXGroup;
			children = (
			);
			path = Complete;
			sourceTree = "<group>";
		};
		7DDE2C601FF2E6A600058FD4 /* ApiService */ = {
			isa = PBXGroup;
			children = (
				7DDE2C741FF37AD600058FD4 /* Base */,
				7DDE2C6C1FF37A4B00058FD4 /* APIModel */,
				7DDE2C731FF37AC000058FD4 /* APIController */,
			);
			path = ApiService;
			sourceTree = "<group>";
		};
		7DDE2C681FF2E8E800058FD4 /* CardReaderData */ = {
			isa = PBXGroup;
			children = (
				7D0F5EC9200505AC00780CE8 /* AesTrackData.h */,
				7D0F5ECA200505AC00780CE8 /* AesTrackData.m */,
				7DDE2C691FF2E90100058FD4 /* CardReaderData.h */,
				7DDE2C6A1FF2E90100058FD4 /* CardReaderData.m */,
			);
			path = CardReaderData;
			sourceTree = "<group>";
		};
		7DDE2C6C1FF37A4B00058FD4 /* APIModel */ = {
			isa = PBXGroup;
			children = (
				7D3A427D1FFB88F700FFF207 /* Init */,
				7DDE2CBF1FF4CFC500058FD4 /* Auth */,
				7D0F5EC22004B01000780CE8 /* CardCheck */,
			);
			path = APIModel;
			sourceTree = "<group>";
		};
		7DDE2C731FF37AC000058FD4 /* APIController */ = {
			isa = PBXGroup;
			children = (
				7DDE2C751FF37B0D00058FD4 /* APIController.h */,
				7DDE2C761FF37B0D00058FD4 /* APIController.m */,
			);
			path = APIController;
			sourceTree = "<group>";
		};
		7DDE2C741FF37AD600058FD4 /* Base */ = {
			isa = PBXGroup;
			children = (
				7DDE2C6D1FF37A4B00058FD4 /* APIBaseModel.h */,
				7DDE2C6E1FF37A4B00058FD4 /* APIBaseModel.m */,
			);
			path = Base;
			sourceTree = "<group>";
		};
		7DDE2CBF1FF4CFC500058FD4 /* Auth */ = {
			isa = PBXGroup;
			children = (
				7DDE2C6F1FF37A4B00058FD4 /* AuthRequestModel.h */,
				7DDE2C701FF37A4B00058FD4 /* AuthRequestModel.m */,
				7DDE2CC11FF4CFF300058FD4 /* AuthResponseModel.h */,
				7DDE2CC01FF4CFF300058FD4 /* AuthResponseModel.m */,
			);
			path = Auth;
			sourceTree = "<group>";
		};
		7DDE2CC31FF4E7D800058FD4 /* Extensions */ = {
			isa = PBXGroup;
			children = (
				7DE1680820036F8800F4A417 /* NSData+AES.h */,
				7DE1680720036F8800F4A417 /* NSData+AES.m */,
				7D3A428D1FFBD29300FFF207 /* NSDictionary+ApiKeys.h */,
				7D3A428E1FFBD29400FFF207 /* NSDictionary+ApiKeys.m */,
				7D3A428A1FFBCCE200FFF207 /* NSError+Extensions.h */,
				7D3A428B1FFBCCE200FFF207 /* NSError+Extensions.m */,
			);
			path = Extensions;
			sourceTree = "<group>";
		};
		7DDE2D081FF6C04300058FD4 /* InitializationData */ = {
			isa = PBXGroup;
			children = (
				7DDE2D0A1FF6CAA200058FD4 /* InitializationData.h */,
				7DDE2D0B1FF6CAA200058FD4 /* InitializationData.m */,
			);
			path = InitializationData;
			sourceTree = "<group>";
		};
		7DE167DC2000229E00F4A417 /* AudioJack */ = {
			isa = PBXGroup;
			children = (
				7DE167FE200035D500F4A417 /* Support Files */,
				7DE167DE2000229E00F4A417 /* ACRAesTrackData.h */,
				7DE167DF2000229E00F4A417 /* ACRAudioJackReader.h */,
				7DE167E02000229E00F4A417 /* ACRCRC16.h */,
				7DE167E12000229E00F4A417 /* ACRDukptReceiver.h */,
				7DE167E22000229E00F4A417 /* ACRDukptTrackData.h */,
				7DE167E32000229E00F4A417 /* ACRResult.h */,
				7DE167E42000229E00F4A417 /* ACRStatus.h */,
				7DE167E52000229E00F4A417 /* ACRTrack1Data.h */,
				7DE167E62000229E00F4A417 /* ACRTrack2Data.h */,
				7DE167E72000229E00F4A417 /* ACRTrackData.h */,
				7DE167E82000229E00F4A417 /* AudioJack.h */,
				7DE167E92000229E00F4A417 /* AudioJackErrors.h */,
				7DE167EA2000229E00F4A417 /* libAudioJack.a */,
			);
			path = AudioJack;
			sourceTree = "<group>";
		};
		7DE167F2200022B900F4A417 /* Reader */ = {
			isa = PBXGroup;
			children = (
				7DE167F3200022DF00F4A417 /* ReaderController.h */,
				7DE167F4200022DF00F4A417 /* ReaderController.m */,
			);
			path = Reader;
			sourceTree = "<group>";
		};
		7DE167FE200035D500F4A417 /* Support Files */ = {
			isa = PBXGroup;
			children = (
				7DE167FF200035D500F4A417 /* AJDHex.h */,
				7DE16800200035D500F4A417 /* AJDHex.m */,
				7DE16801200035D500F4A417 /* dummy.mm */,
			);
			path = "Support Files";
			sourceTree = "<group>";
		};
		7DE1680A2004081400F4A417 /* KeyChainData */ = {
			isa = PBXGroup;
			children = (
				7DE1680F20040FD100F4A417 /* KeyChainData.h */,
				7DE1681020040FD100F4A417 /* KeyChainData.m */,
			);
			path = KeyChainData;
			sourceTree = "<group>";
		};
		7DE1680B20040A5F00F4A417 /* MandatoryData */ = {
			isa = PBXGroup;
			children = (
				7DE1680C20040A8E00F4A417 /* MandatoryData.h */,
				7DE1680D20040A8E00F4A417 /* MandatoryData.m */,
			);
			path = MandatoryData;
			sourceTree = "<group>";
		};
/* End PBXGroup section */

/* Begin PBXNativeTarget section */
		7DC4FB831FEA3D9100CFB4FE /* CardCheck */ = {
			isa = PBXNativeTarget;
			buildConfigurationList = 7DC4FBB01FEA3D9200CFB4FE /* Build configuration list for PBXNativeTarget "CardCheck" */;
			buildPhases = (
				0E85AE00111ABC089B0FFBA0 /* [CP] Check Pods Manifest.lock */,
				7DC4FB801FEA3D9100CFB4FE /* Sources */,
				7DC4FB811FEA3D9100CFB4FE /* Frameworks */,
				7DC4FB821FEA3D9100CFB4FE /* Resources */,
				7EEB0B1C94693F53AA98C6E9 /* [CP] Embed Pods Frameworks */,
				57025E6CB7F4E22B004B25E6 /* [CP] Copy Pods Resources */,
			);
			buildRules = (
			);
			dependencies = (
			);
			name = CardCheck;
			productName = CardCheck;
			productReference = 7DC4FB841FEA3D9100CFB4FE /* CardCheck.app */;
			productType = "com.apple.product-type.application";
		};
		7DC4FB9B1FEA3D9100CFB4FE /* CardCheckTests */ = {
			isa = PBXNativeTarget;
			buildConfigurationList = 7DC4FBB31FEA3D9200CFB4FE /* Build configuration list for PBXNativeTarget "CardCheckTests" */;
			buildPhases = (
				0C6433CBBB35587CDE862108 /* [CP] Check Pods Manifest.lock */,
				7DC4FB981FEA3D9100CFB4FE /* Sources */,
				7DC4FB991FEA3D9100CFB4FE /* Frameworks */,
				7DC4FB9A1FEA3D9100CFB4FE /* Resources */,
				23262926ECF2F9401FAC2F46 /* [CP] Embed Pods Frameworks */,
				390AD3DDBE9D5261C854DE9B /* [CP] Copy Pods Resources */,
			);
			buildRules = (
			);
			dependencies = (
				7DC4FB9E1FEA3D9100CFB4FE /* PBXTargetDependency */,
			);
			name = CardCheckTests;
			productName = CardCheckTests;
			productReference = 7DC4FB9C1FEA3D9100CFB4FE /* CardCheckTests.xctest */;
			productType = "com.apple.product-type.bundle.unit-test";
		};
		7DC4FBA61FEA3D9100CFB4FE /* CardCheckUITests */ = {
			isa = PBXNativeTarget;
			buildConfigurationList = 7DC4FBB61FEA3D9200CFB4FE /* Build configuration list for PBXNativeTarget "CardCheckUITests" */;
			buildPhases = (
				621769E6FC924202C9166647 /* [CP] Check Pods Manifest.lock */,
				7DC4FBA31FEA3D9100CFB4FE /* Sources */,
				7DC4FBA41FEA3D9100CFB4FE /* Frameworks */,
				7DC4FBA51FEA3D9100CFB4FE /* Resources */,
				5CAC64C8E75E24DFE181106C /* [CP] Embed Pods Frameworks */,
				5B6589D85C5624A67447E75B /* [CP] Copy Pods Resources */,
			);
			buildRules = (
			);
			dependencies = (
				7DC4FBA91FEA3D9100CFB4FE /* PBXTargetDependency */,
			);
			name = CardCheckUITests;
			productName = CardCheckUITests;
			productReference = 7DC4FBA71FEA3D9100CFB4FE /* CardCheckUITests.xctest */;
			productType = "com.apple.product-type.bundle.ui-testing";
		};
/* End PBXNativeTarget section */

/* Begin PBXProject section */
		7DC4FB7C1FEA3D9100CFB4FE /* Project object */ = {
			isa = PBXProject;
			attributes = {
				LastUpgradeCheck = 0910;
				ORGANIZATIONNAME = itnesPro;
				TargetAttributes = {
					7DC4FB831FEA3D9100CFB4FE = {
						CreatedOnToolsVersion = 9.1;
						ProvisioningStyle = Automatic;
					};
					7DC4FB9B1FEA3D9100CFB4FE = {
						CreatedOnToolsVersion = 9.1;
						ProvisioningStyle = Automatic;
						TestTargetID = 7DC4FB831FEA3D9100CFB4FE;
					};
					7DC4FBA61FEA3D9100CFB4FE = {
						CreatedOnToolsVersion = 9.1;
						ProvisioningStyle = Automatic;
						TestTargetID = 7DC4FB831FEA3D9100CFB4FE;
					};
				};
			};
			buildConfigurationList = 7DC4FB7F1FEA3D9100CFB4FE /* Build configuration list for PBXProject "CardCheck" */;
			compatibilityVersion = "Xcode 8.0";
			developmentRegion = en;
			hasScannedForEncodings = 0;
			knownRegions = (
				en,
				Base,
			);
			mainGroup = 7DC4FB7B1FEA3D9100CFB4FE;
			productRefGroup = 7DC4FB851FEA3D9100CFB4FE /* Products */;
			projectDirPath = "";
			projectRoot = "";
			targets = (
				7DC4FB831FEA3D9100CFB4FE /* CardCheck */,
				7DC4FB9B1FEA3D9100CFB4FE /* CardCheckTests */,
				7DC4FBA61FEA3D9100CFB4FE /* CardCheckUITests */,
			);
		};
/* End PBXProject section */

/* Begin PBXResourcesBuildPhase section */
		7DC4FB821FEA3D9100CFB4FE /* Resources */ = {
			isa = PBXResourcesBuildPhase;
			buildActionMask = 2147483647;
			files = (
				7DC4FB941FEA3D9100CFB4FE /* LaunchScreen.storyboard in Resources */,
				7DC4FB911FEA3D9100CFB4FE /* Assets.xcassets in Resources */,
				7DC4FB8F1FEA3D9100CFB4FE /* Main.storyboard in Resources */,
			);
			runOnlyForDeploymentPostprocessing = 0;
		};
		7DC4FB9A1FEA3D9100CFB4FE /* Resources */ = {
			isa = PBXResourcesBuildPhase;
			buildActionMask = 2147483647;
			files = (
			);
			runOnlyForDeploymentPostprocessing = 0;
		};
		7DC4FBA51FEA3D9100CFB4FE /* Resources */ = {
			isa = PBXResourcesBuildPhase;
			buildActionMask = 2147483647;
			files = (
			);
			runOnlyForDeploymentPostprocessing = 0;
		};
/* End PBXResourcesBuildPhase section */

/* Begin PBXShellScriptBuildPhase section */
		0C6433CBBB35587CDE862108 /* [CP] Check Pods Manifest.lock */ = {
			isa = PBXShellScriptBuildPhase;
			buildActionMask = 2147483647;
			files = (
			);
			inputPaths = (
				"${PODS_PODFILE_DIR_PATH}/Podfile.lock",
				"${PODS_ROOT}/Manifest.lock",
			);
			name = "[CP] Check Pods Manifest.lock";
			outputPaths = (
				"$(DERIVED_FILE_DIR)/Pods-CardCheckTests-checkManifestLockResult.txt",
			);
			runOnlyForDeploymentPostprocessing = 0;
			shellPath = /bin/sh;
			shellScript = "diff \"${PODS_PODFILE_DIR_PATH}/Podfile.lock\" \"${PODS_ROOT}/Manifest.lock\" > /dev/null\nif [ $? != 0 ] ; then\n    # print error to STDERR\n    echo \"error: The sandbox is not in sync with the Podfile.lock. Run 'pod install' or update your CocoaPods installation.\" >&2\n    exit 1\nfi\n# This output is used by Xcode 'outputs' to avoid re-running this script phase.\necho \"SUCCESS\" > \"${SCRIPT_OUTPUT_FILE_0}\"\n";
			showEnvVarsInLog = 0;
		};
		0E85AE00111ABC089B0FFBA0 /* [CP] Check Pods Manifest.lock */ = {
			isa = PBXShellScriptBuildPhase;
			buildActionMask = 2147483647;
			files = (
			);
			inputPaths = (
				"${PODS_PODFILE_DIR_PATH}/Podfile.lock",
				"${PODS_ROOT}/Manifest.lock",
			);
			name = "[CP] Check Pods Manifest.lock";
			outputPaths = (
				"$(DERIVED_FILE_DIR)/Pods-CardCheck-checkManifestLockResult.txt",
			);
			runOnlyForDeploymentPostprocessing = 0;
			shellPath = /bin/sh;
			shellScript = "diff \"${PODS_PODFILE_DIR_PATH}/Podfile.lock\" \"${PODS_ROOT}/Manifest.lock\" > /dev/null\nif [ $? != 0 ] ; then\n    # print error to STDERR\n    echo \"error: The sandbox is not in sync with the Podfile.lock. Run 'pod install' or update your CocoaPods installation.\" >&2\n    exit 1\nfi\n# This output is used by Xcode 'outputs' to avoid re-running this script phase.\necho \"SUCCESS\" > \"${SCRIPT_OUTPUT_FILE_0}\"\n";
			showEnvVarsInLog = 0;
		};
		23262926ECF2F9401FAC2F46 /* [CP] Embed Pods Frameworks */ = {
			isa = PBXShellScriptBuildPhase;
			buildActionMask = 2147483647;
			files = (
			);
			inputPaths = (
			);
			name = "[CP] Embed Pods Frameworks";
			outputPaths = (
			);
			runOnlyForDeploymentPostprocessing = 0;
			shellPath = /bin/sh;
			shellScript = "\"${SRCROOT}/Pods/Target Support Files/Pods-CardCheckTests/Pods-CardCheckTests-frameworks.sh\"\n";
			showEnvVarsInLog = 0;
		};
		390AD3DDBE9D5261C854DE9B /* [CP] Copy Pods Resources */ = {
			isa = PBXShellScriptBuildPhase;
			buildActionMask = 2147483647;
			files = (
			);
			inputPaths = (
			);
			name = "[CP] Copy Pods Resources";
			outputPaths = (
			);
			runOnlyForDeploymentPostprocessing = 0;
			shellPath = /bin/sh;
			shellScript = "\"${SRCROOT}/Pods/Target Support Files/Pods-CardCheckTests/Pods-CardCheckTests-resources.sh\"\n";
			showEnvVarsInLog = 0;
		};
		57025E6CB7F4E22B004B25E6 /* [CP] Copy Pods Resources */ = {
			isa = PBXShellScriptBuildPhase;
			buildActionMask = 2147483647;
			files = (
			);
			inputPaths = (
			);
			name = "[CP] Copy Pods Resources";
			outputPaths = (
			);
			runOnlyForDeploymentPostprocessing = 0;
			shellPath = /bin/sh;
			shellScript = "\"${SRCROOT}/Pods/Target Support Files/Pods-CardCheck/Pods-CardCheck-resources.sh\"\n";
			showEnvVarsInLog = 0;
		};
		5B6589D85C5624A67447E75B /* [CP] Copy Pods Resources */ = {
			isa = PBXShellScriptBuildPhase;
			buildActionMask = 2147483647;
			files = (
			);
			inputPaths = (
			);
			name = "[CP] Copy Pods Resources";
			outputPaths = (
			);
			runOnlyForDeploymentPostprocessing = 0;
			shellPath = /bin/sh;
			shellScript = "\"${SRCROOT}/Pods/Target Support Files/Pods-CardCheckUITests/Pods-CardCheckUITests-resources.sh\"\n";
			showEnvVarsInLog = 0;
		};
		5CAC64C8E75E24DFE181106C /* [CP] Embed Pods Frameworks */ = {
			isa = PBXShellScriptBuildPhase;
			buildActionMask = 2147483647;
			files = (
			);
			inputPaths = (
			);
			name = "[CP] Embed Pods Frameworks";
			outputPaths = (
			);
			runOnlyForDeploymentPostprocessing = 0;
			shellPath = /bin/sh;
			shellScript = "\"${SRCROOT}/Pods/Target Support Files/Pods-CardCheckUITests/Pods-CardCheckUITests-frameworks.sh\"\n";
			showEnvVarsInLog = 0;
		};
		621769E6FC924202C9166647 /* [CP] Check Pods Manifest.lock */ = {
			isa = PBXShellScriptBuildPhase;
			buildActionMask = 2147483647;
			files = (
			);
			inputPaths = (
				"${PODS_PODFILE_DIR_PATH}/Podfile.lock",
				"${PODS_ROOT}/Manifest.lock",
			);
			name = "[CP] Check Pods Manifest.lock";
			outputPaths = (
				"$(DERIVED_FILE_DIR)/Pods-CardCheckUITests-checkManifestLockResult.txt",
			);
			runOnlyForDeploymentPostprocessing = 0;
			shellPath = /bin/sh;
			shellScript = "diff \"${PODS_PODFILE_DIR_PATH}/Podfile.lock\" \"${PODS_ROOT}/Manifest.lock\" > /dev/null\nif [ $? != 0 ] ; then\n    # print error to STDERR\n    echo \"error: The sandbox is not in sync with the Podfile.lock. Run 'pod install' or update your CocoaPods installation.\" >&2\n    exit 1\nfi\n# This output is used by Xcode 'outputs' to avoid re-running this script phase.\necho \"SUCCESS\" > \"${SCRIPT_OUTPUT_FILE_0}\"\n";
			showEnvVarsInLog = 0;
		};
		7EEB0B1C94693F53AA98C6E9 /* [CP] Embed Pods Frameworks */ = {
			isa = PBXShellScriptBuildPhase;
			buildActionMask = 2147483647;
			files = (
			);
			inputPaths = (
			);
			name = "[CP] Embed Pods Frameworks";
			outputPaths = (
			);
			runOnlyForDeploymentPostprocessing = 0;
			shellPath = /bin/sh;
			shellScript = "\"${SRCROOT}/Pods/Target Support Files/Pods-CardCheck/Pods-CardCheck-frameworks.sh\"\n";
			showEnvVarsInLog = 0;
		};
/* End PBXShellScriptBuildPhase section */

/* Begin PBXSourcesBuildPhase section */
		7DC4FB801FEA3D9100CFB4FE /* Sources */ = {
			isa = PBXSourcesBuildPhase;
			buildActionMask = 2147483647;
			files = (
				7DE168062002BC0200F4A417 /* HexCvtr.m in Sources */,
				7D3A428C1FFBCCE200FFF207 /* NSError+Extensions.m in Sources */,
				7D0F5EC82004B05F00780CE8 /* CCheckRequestModel.m in Sources */,
				7D3A42891FFB9AF800FFF207 /* InitResponseModel.m in Sources */,
				7DDE2C771FF37B0D00058FD4 /* APIController.m in Sources */,
				7DC4FB8C1FEA3D9100CFB4FE /* ViewController.m in Sources */,
				7DE1681120040FD100F4A417 /* KeyChainData.m in Sources */,
				7DDE2D0C1FF6CAA200058FD4 /* InitializationData.m in Sources */,
				7DE16803200035D600F4A417 /* dummy.mm in Sources */,
				7D0F5ECB200505AC00780CE8 /* AesTrackData.m in Sources */,
				7DE167F5200022DF00F4A417 /* ReaderController.m in Sources */,
				7D0F5EC72004B05F00780CE8 /* CCheckResponseModel.m in Sources */,
				7DC4FB971FEA3D9100CFB4FE /* main.m in Sources */,
				7D50E20F1FF03D4F00705D06 /* CryptoController.m in Sources */,
				7DC4FBC31FEA486800CFB4FE /* database.xcdatamodeld in Sources */,
				7DC4FB891FEA3D9100CFB4FE /* AppDelegate.m in Sources */,
				7DE1680E20040A8E00F4A417 /* MandatoryData.m in Sources */,
				7DDE2C711FF37A4B00058FD4 /* APIBaseModel.m in Sources */,
				7DDE2CC21FF4CFF300058FD4 /* AuthResponseModel.m in Sources */,
				7DE1680920036F8900F4A417 /* NSData+AES.m in Sources */,
				7DDE2C6B1FF2E90100058FD4 /* CardReaderData.m in Sources */,
				7D3A42861FFB8DCF00FFF207 /* CurrentDevice.m in Sources */,
				7DC8F06B200DF497005C6B92 /* CCheckReportData.m in Sources */,
				7DE16802200035D600F4A417 /* AJDHex.m in Sources */,
				7D3A42801FFB893D00FFF207 /* InitRequestModel.m in Sources */,
				7DC4FBC91FEA491B00CFB4FE /* KLBaseModel.m in Sources */,
				7DDE2C721FF37A4B00058FD4 /* AuthRequestModel.m in Sources */,
				7D3A428F1FFBD29400FFF207 /* NSDictionary+ApiKeys.m in Sources */,
				7DC4FBD61FEA4EC200CFB4FE /* JSONKit.m in Sources */,
				7DC4FBCC1FEA492300CFB4FE /* KLBaseController.m in Sources */,
			);
			runOnlyForDeploymentPostprocessing = 0;
		};
		7DC4FB981FEA3D9100CFB4FE /* Sources */ = {
			isa = PBXSourcesBuildPhase;
			buildActionMask = 2147483647;
			files = (
				7DC4FBA11FEA3D9100CFB4FE /* CardCheckTests.m in Sources */,
			);
			runOnlyForDeploymentPostprocessing = 0;
		};
		7DC4FBA31FEA3D9100CFB4FE /* Sources */ = {
			isa = PBXSourcesBuildPhase;
			buildActionMask = 2147483647;
			files = (
				7DC4FBAC1FEA3D9200CFB4FE /* CardCheckUITests.m in Sources */,
			);
			runOnlyForDeploymentPostprocessing = 0;
		};
/* End PBXSourcesBuildPhase section */

/* Begin PBXTargetDependency section */
		7DC4FB9E1FEA3D9100CFB4FE /* PBXTargetDependency */ = {
			isa = PBXTargetDependency;
			target = 7DC4FB831FEA3D9100CFB4FE /* CardCheck */;
			targetProxy = 7DC4FB9D1FEA3D9100CFB4FE /* PBXContainerItemProxy */;
		};
		7DC4FBA91FEA3D9100CFB4FE /* PBXTargetDependency */ = {
			isa = PBXTargetDependency;
			target = 7DC4FB831FEA3D9100CFB4FE /* CardCheck */;
			targetProxy = 7DC4FBA81FEA3D9100CFB4FE /* PBXContainerItemProxy */;
		};
/* End PBXTargetDependency section */

/* Begin PBXVariantGroup section */
		7DC4FB8D1FEA3D9100CFB4FE /* Main.storyboard */ = {
			isa = PBXVariantGroup;
			children = (
				7DC4FB8E1FEA3D9100CFB4FE /* Base */,
			);
			name = Main.storyboard;
			sourceTree = "<group>";
		};
		7DC4FB921FEA3D9100CFB4FE /* LaunchScreen.storyboard */ = {
			isa = PBXVariantGroup;
			children = (
				7DC4FB931FEA3D9100CFB4FE /* Base */,
			);
			name = LaunchScreen.storyboard;
			sourceTree = "<group>";
		};
/* End PBXVariantGroup section */

/* Begin XCBuildConfiguration section */
		7DC4FBAE1FEA3D9200CFB4FE /* Debug */ = {
			isa = XCBuildConfiguration;
			buildSettings = {
				ALWAYS_SEARCH_USER_PATHS = NO;
				CLANG_ANALYZER_NONNULL = YES;
				CLANG_ANALYZER_NUMBER_OBJECT_CONVERSION = YES_AGGRESSIVE;
				CLANG_CXX_LANGUAGE_STANDARD = "gnu++14";
				CLANG_CXX_LIBRARY = "libc++";
				CLANG_ENABLE_MODULES = YES;
				CLANG_ENABLE_OBJC_ARC = YES;
				CLANG_WARN_BLOCK_CAPTURE_AUTORELEASING = YES;
				CLANG_WARN_BOOL_CONVERSION = YES;
				CLANG_WARN_COMMA = YES;
				CLANG_WARN_CONSTANT_CONVERSION = YES;
				CLANG_WARN_DIRECT_OBJC_ISA_USAGE = YES_ERROR;
				CLANG_WARN_DOCUMENTATION_COMMENTS = YES;
				CLANG_WARN_EMPTY_BODY = YES;
				CLANG_WARN_ENUM_CONVERSION = YES;
				CLANG_WARN_INFINITE_RECURSION = YES;
				CLANG_WARN_INT_CONVERSION = YES;
				CLANG_WARN_NON_LITERAL_NULL_CONVERSION = YES;
				CLANG_WARN_OBJC_LITERAL_CONVERSION = YES;
				CLANG_WARN_OBJC_ROOT_CLASS = YES_ERROR;
				CLANG_WARN_RANGE_LOOP_ANALYSIS = YES;
				CLANG_WARN_STRICT_PROTOTYPES = YES;
				CLANG_WARN_SUSPICIOUS_MOVE = YES;
				CLANG_WARN_UNGUARDED_AVAILABILITY = YES_AGGRESSIVE;
				CLANG_WARN_UNREACHABLE_CODE = YES;
				CLANG_WARN__DUPLICATE_METHOD_MATCH = YES;
				CODE_SIGN_IDENTITY = "iPhone Developer";
				COPY_PHASE_STRIP = NO;
				DEBUG_INFORMATION_FORMAT = dwarf;
				ENABLE_STRICT_OBJC_MSGSEND = YES;
				ENABLE_TESTABILITY = YES;
				GCC_C_LANGUAGE_STANDARD = gnu11;
				GCC_DYNAMIC_NO_PIC = NO;
				GCC_NO_COMMON_BLOCKS = YES;
				GCC_OPTIMIZATION_LEVEL = 0;
				GCC_PREPROCESSOR_DEFINITIONS = (
					"DEBUG=1",
					"$(inherited)",
				);
				GCC_WARN_64_TO_32_BIT_CONVERSION = YES;
				GCC_WARN_ABOUT_RETURN_TYPE = YES_ERROR;
				GCC_WARN_UNDECLARED_SELECTOR = YES;
				GCC_WARN_UNINITIALIZED_AUTOS = YES_AGGRESSIVE;
				GCC_WARN_UNUSED_FUNCTION = YES;
				GCC_WARN_UNUSED_VARIABLE = YES;
				IPHONEOS_DEPLOYMENT_TARGET = 11.1;
				MTL_ENABLE_DEBUG_INFO = YES;
				ONLY_ACTIVE_ARCH = YES;
				SDKROOT = iphoneos;
			};
			name = Debug;
		};
		7DC4FBAF1FEA3D9200CFB4FE /* Release */ = {
			isa = XCBuildConfiguration;
			buildSettings = {
				ALWAYS_SEARCH_USER_PATHS = NO;
				CLANG_ANALYZER_NONNULL = YES;
				CLANG_ANALYZER_NUMBER_OBJECT_CONVERSION = YES_AGGRESSIVE;
				CLANG_CXX_LANGUAGE_STANDARD = "gnu++14";
				CLANG_CXX_LIBRARY = "libc++";
				CLANG_ENABLE_MODULES = YES;
				CLANG_ENABLE_OBJC_ARC = YES;
				CLANG_WARN_BLOCK_CAPTURE_AUTORELEASING = YES;
				CLANG_WARN_BOOL_CONVERSION = YES;
				CLANG_WARN_COMMA = YES;
				CLANG_WARN_CONSTANT_CONVERSION = YES;
				CLANG_WARN_DIRECT_OBJC_ISA_USAGE = YES_ERROR;
				CLANG_WARN_DOCUMENTATION_COMMENTS = YES;
				CLANG_WARN_EMPTY_BODY = YES;
				CLANG_WARN_ENUM_CONVERSION = YES;
				CLANG_WARN_INFINITE_RECURSION = YES;
				CLANG_WARN_INT_CONVERSION = YES;
				CLANG_WARN_NON_LITERAL_NULL_CONVERSION = YES;
				CLANG_WARN_OBJC_LITERAL_CONVERSION = YES;
				CLANG_WARN_OBJC_ROOT_CLASS = YES_ERROR;
				CLANG_WARN_RANGE_LOOP_ANALYSIS = YES;
				CLANG_WARN_STRICT_PROTOTYPES = YES;
				CLANG_WARN_SUSPICIOUS_MOVE = YES;
				CLANG_WARN_UNGUARDED_AVAILABILITY = YES_AGGRESSIVE;
				CLANG_WARN_UNREACHABLE_CODE = YES;
				CLANG_WARN__DUPLICATE_METHOD_MATCH = YES;
				CODE_SIGN_IDENTITY = "iPhone Developer";
				COPY_PHASE_STRIP = NO;
				DEBUG_INFORMATION_FORMAT = "dwarf-with-dsym";
				ENABLE_NS_ASSERTIONS = NO;
				ENABLE_STRICT_OBJC_MSGSEND = YES;
				GCC_C_LANGUAGE_STANDARD = gnu11;
				GCC_NO_COMMON_BLOCKS = YES;
				GCC_WARN_64_TO_32_BIT_CONVERSION = YES;
				GCC_WARN_ABOUT_RETURN_TYPE = YES_ERROR;
				GCC_WARN_UNDECLARED_SELECTOR = YES;
				GCC_WARN_UNINITIALIZED_AUTOS = YES_AGGRESSIVE;
				GCC_WARN_UNUSED_FUNCTION = YES;
				GCC_WARN_UNUSED_VARIABLE = YES;
				IPHONEOS_DEPLOYMENT_TARGET = 11.1;
				MTL_ENABLE_DEBUG_INFO = NO;
				SDKROOT = iphoneos;
				VALIDATE_PRODUCT = YES;
			};
			name = Release;
		};
		7DC4FBB11FEA3D9200CFB4FE /* Debug */ = {
			isa = XCBuildConfiguration;
			baseConfigurationReference = B28EA4816F16FE15E2252298 /* Pods-CardCheck.debug.xcconfig */;
			buildSettings = {
				ASSETCATALOG_COMPILER_APPICON_NAME = AppIcon;
				CODE_SIGN_STYLE = Automatic;
				DEVELOPMENT_TEAM = 6379JJ3FB6;
				ENABLE_BITCODE = NO;
				GCC_PREFIX_HEADER = "CardCheck/Supporting Files/AppPrefixHeader.pch";
				INFOPLIST_FILE = "CardCheck/Supporting Files/Info.plist";
				IPHONEOS_DEPLOYMENT_TARGET = 9.0;
				LD_RUNPATH_SEARCH_PATHS = "$(inherited) @executable_path/Frameworks";
				LIBRARY_SEARCH_PATHS = (
					"$(inherited)",
					"$(PROJECT_DIR)/CardCheck/Kernel/Library/AudioJack/**",
				);
				PRODUCT_BUNDLE_IDENTIFIER = com.home.CardCheck;
				PRODUCT_NAME = "$(TARGET_NAME)";
				TARGETED_DEVICE_FAMILY = "1,2";
			};
			name = Debug;
		};
		7DC4FBB21FEA3D9200CFB4FE /* Release */ = {
			isa = XCBuildConfiguration;
			baseConfigurationReference = B7BC67C220D0B19BBAA21EF3 /* Pods-CardCheck.release.xcconfig */;
			buildSettings = {
				ASSETCATALOG_COMPILER_APPICON_NAME = AppIcon;
				CODE_SIGN_STYLE = Automatic;
				DEVELOPMENT_TEAM = 6379JJ3FB6;
				ENABLE_BITCODE = NO;
				GCC_PREFIX_HEADER = "CardCheck/Supporting Files/AppPrefixHeader.pch";
				INFOPLIST_FILE = "CardCheck/Supporting Files/Info.plist";
				IPHONEOS_DEPLOYMENT_TARGET = 9.0;
				LD_RUNPATH_SEARCH_PATHS = "$(inherited) @executable_path/Frameworks";
				LIBRARY_SEARCH_PATHS = (
					"$(inherited)",
					"$(PROJECT_DIR)/CardCheck/Kernel/Library/AudioJack/**",
				);
				PRODUCT_BUNDLE_IDENTIFIER = com.home.CardCheck;
				PRODUCT_NAME = "$(TARGET_NAME)";
				TARGETED_DEVICE_FAMILY = "1,2";
			};
			name = Release;
		};
		7DC4FBB41FEA3D9200CFB4FE /* Debug */ = {
			isa = XCBuildConfiguration;
			baseConfigurationReference = B02E562D780509AE0A42E270 /* Pods-CardCheckTests.debug.xcconfig */;
			buildSettings = {
				BUNDLE_LOADER = "$(TEST_HOST)";
				CODE_SIGN_STYLE = Automatic;
				DEVELOPMENT_TEAM = 6379JJ3FB6;
				INFOPLIST_FILE = CardCheckTests/Info.plist;
				LD_RUNPATH_SEARCH_PATHS = "$(inherited) @executable_path/Frameworks @loader_path/Frameworks";
				PRODUCT_BUNDLE_IDENTIFIER = com.cardcheck.home.CardCheckTests;
				PRODUCT_NAME = "$(TARGET_NAME)";
				TARGETED_DEVICE_FAMILY = "1,2";
				TEST_HOST = "$(BUILT_PRODUCTS_DIR)/CardCheck.app/CardCheck";
			};
			name = Debug;
		};
		7DC4FBB51FEA3D9200CFB4FE /* Release */ = {
			isa = XCBuildConfiguration;
			baseConfigurationReference = 00D674DC71B8FF7203F38F5B /* Pods-CardCheckTests.release.xcconfig */;
			buildSettings = {
				BUNDLE_LOADER = "$(TEST_HOST)";
				CODE_SIGN_STYLE = Automatic;
				DEVELOPMENT_TEAM = 6379JJ3FB6;
				INFOPLIST_FILE = CardCheckTests/Info.plist;
				LD_RUNPATH_SEARCH_PATHS = "$(inherited) @executable_path/Frameworks @loader_path/Frameworks";
				PRODUCT_BUNDLE_IDENTIFIER = com.cardcheck.home.CardCheckTests;
				PRODUCT_NAME = "$(TARGET_NAME)";
				TARGETED_DEVICE_FAMILY = "1,2";
				TEST_HOST = "$(BUILT_PRODUCTS_DIR)/CardCheck.app/CardCheck";
			};
			name = Release;
		};
		7DC4FBB71FEA3D9200CFB4FE /* Debug */ = {
			isa = XCBuildConfiguration;
			baseConfigurationReference = 4954629901196F28C351AC02 /* Pods-CardCheckUITests.debug.xcconfig */;
			buildSettings = {
				CODE_SIGN_STYLE = Automatic;
				DEVELOPMENT_TEAM = 6379JJ3FB6;
				INFOPLIST_FILE = CardCheckUITests/Info.plist;
				LD_RUNPATH_SEARCH_PATHS = "$(inherited) @executable_path/Frameworks @loader_path/Frameworks";
				PRODUCT_BUNDLE_IDENTIFIER = com.cardcheck.home.CardCheckUITests;
				PRODUCT_NAME = "$(TARGET_NAME)";
				TARGETED_DEVICE_FAMILY = "1,2";
				TEST_TARGET_NAME = CardCheck;
			};
			name = Debug;
		};
		7DC4FBB81FEA3D9200CFB4FE /* Release */ = {
			isa = XCBuildConfiguration;
			baseConfigurationReference = 135F6F1611C42039A8A4F08A /* Pods-CardCheckUITests.release.xcconfig */;
			buildSettings = {
				CODE_SIGN_STYLE = Automatic;
				DEVELOPMENT_TEAM = 6379JJ3FB6;
				INFOPLIST_FILE = CardCheckUITests/Info.plist;
				LD_RUNPATH_SEARCH_PATHS = "$(inherited) @executable_path/Frameworks @loader_path/Frameworks";
				PRODUCT_BUNDLE_IDENTIFIER = com.cardcheck.home.CardCheckUITests;
				PRODUCT_NAME = "$(TARGET_NAME)";
				TARGETED_DEVICE_FAMILY = "1,2";
				TEST_TARGET_NAME = CardCheck;
			};
			name = Release;
		};
/* End XCBuildConfiguration section */

/* Begin XCConfigurationList section */
		7DC4FB7F1FEA3D9100CFB4FE /* Build configuration list for PBXProject "CardCheck" */ = {
			isa = XCConfigurationList;
			buildConfigurations = (
				7DC4FBAE1FEA3D9200CFB4FE /* Debug */,
				7DC4FBAF1FEA3D9200CFB4FE /* Release */,
			);
			defaultConfigurationIsVisible = 0;
			defaultConfigurationName = Release;
		};
		7DC4FBB01FEA3D9200CFB4FE /* Build configuration list for PBXNativeTarget "CardCheck" */ = {
			isa = XCConfigurationList;
			buildConfigurations = (
				7DC4FBB11FEA3D9200CFB4FE /* Debug */,
				7DC4FBB21FEA3D9200CFB4FE /* Release */,
			);
			defaultConfigurationIsVisible = 0;
			defaultConfigurationName = Release;
		};
		7DC4FBB31FEA3D9200CFB4FE /* Build configuration list for PBXNativeTarget "CardCheckTests" */ = {
			isa = XCConfigurationList;
			buildConfigurations = (
				7DC4FBB41FEA3D9200CFB4FE /* Debug */,
				7DC4FBB51FEA3D9200CFB4FE /* Release */,
			);
			defaultConfigurationIsVisible = 0;
			defaultConfigurationName = Release;
		};
		7DC4FBB61FEA3D9200CFB4FE /* Build configuration list for PBXNativeTarget "CardCheckUITests" */ = {
			isa = XCConfigurationList;
			buildConfigurations = (
				7DC4FBB71FEA3D9200CFB4FE /* Debug */,
				7DC4FBB81FEA3D9200CFB4FE /* Release */,
			);
			defaultConfigurationIsVisible = 0;
			defaultConfigurationName = Release;
		};
/* End XCConfigurationList section */

/* Begin XCVersionGroup section */
		7DC4FBC11FEA486800CFB4FE /* database.xcdatamodeld */ = {
			isa = XCVersionGroup;
			children = (
				7DC4FBC21FEA486800CFB4FE /* database.xcdatamodel */,
			);
			currentVersion = 7DC4FBC21FEA486800CFB4FE /* database.xcdatamodel */;
			path = database.xcdatamodeld;
			sourceTree = "<group>";
			versionGroupType = wrapper.xcdatamodel;
		};
/* End XCVersionGroup section */
	};
	rootObject = 7DC4FB7C1FEA3D9100CFB4FE /* Project object */;
}
